
Microsoft Visual Studio Solution File, Format Version 12.00
# Visual Studio 15
VisualStudioVersion = 15.0.28307.572
MinimumVisualStudioVersion = 10.0.40219.1
Project("{9A19103F-16F7-4668-BE54-9A1E7A4F7556}") = "BasicProjectSetup", "ProjectBasicSetup\BasicProjectSetup.csproj", "{BDFAB34A-29D0-401E-AD81-83C22005311C}"
EndProject
Project("{9A19103F-16F7-4668-BE54-9A1E7A4F7556}") = "LoggingImplementation", "LoggingImplementation\LoggingImplementation.csproj", "{B3D72DA7-81AD-431B-A6A4-D16707370595}"
EndProject
Project("{FAE04EC0-301F-11D3-BF4B-00C04F79EFBC}") = "EFImplementation.API", "EFImplementation\EFImplementation.API.csproj", "{37262698-A82F-45BD-9382-66A9C8A46518}"
EndProject
Project("{2150E333-8FDC-42A3-9474-1A3956D46DE8}") = "EFImplementation", "EFImplementation", "{6167721F-B37C-4D3C-94D7-03BCF4E49AE9}"
EndProject
Project("{FAE04EC0-301F-11D3-BF4B-00C04F79EFBC}") = "EFImplementation.Repository", "EFImplementation.Repository\EFImplementation.Repository.csproj", "{EA1F4E6D-65FC-45B3-8FF0-AA929D166B61}"
EndProject
Project("{2150E333-8FDC-42A3-9474-1A3956D46DE8}") = "Errorhandling", "Errorhandling", "{29042D05-FB5C-4927-92C5-67955325CD46}"
EndProject
Project("{FAE04EC0-301F-11D3-BF4B-00C04F79EFBC}") = "BuiltInMiddleware", "BuiltInMiddleware\BuiltInMiddleware.csproj", "{5342C271-659F-4053-A3DC-3EE4A0B387E3}"
EndProject
Project("{FAE04EC0-301F-11D3-BF4B-00C04F79EFBC}") = "LoggerService", "LoggerService\LoggerService.csproj", "{EAF88D83-5D9E-4B02-9239-4B8C523B207B}"
EndProject
Project("{2150E333-8FDC-42A3-9474-1A3956D46DE8}") = "CustomLogImplementation", "CustomLogImplementation", "{FA2A323E-2CFE-4231-820D-4E23D32D3B90}"
EndProject
Project("{FAE04EC0-301F-11D3-BF4B-00C04F79EFBC}") = "CustomMiddleware", "CustomMiddleware\CustomMiddleware.csproj", "{F055976E-64D8-4B0C-BE0F-A6101AB0E106}"
EndProject
Project("{FAE04EC0-301F-11D3-BF4B-00C04F79EFBC}") = "SwaggerImplementation", "SwaggerImplementation\SwaggerImplementation.csproj", "{864E75C6-3BBB-4E39-B8E5-8F1FA4F12CB1}"
EndProject
Global
	GlobalSection(SolutionConfigurationPlatforms) = preSolution
		Debug|Any CPU = Debug|Any CPU
		Release|Any CPU = Release|Any CPU
	EndGlobalSection
	GlobalSection(ProjectConfigurationPlatforms) = postSolution
		{BDFAB34A-29D0-401E-AD81-83C22005311C}.Debug|Any CPU.ActiveCfg = Debug|Any CPU
		{BDFAB34A-29D0-401E-AD81-83C22005311C}.Debug|Any CPU.Build.0 = Debug|Any CPU
		{BDFAB34A-29D0-401E-AD81-83C22005311C}.Release|Any CPU.ActiveCfg = Release|Any CPU
		{BDFAB34A-29D0-401E-AD81-83C22005311C}.Release|Any CPU.Build.0 = Release|Any CPU
		{B3D72DA7-81AD-431B-A6A4-D16707370595}.Debug|Any CPU.ActiveCfg = Debug|Any CPU
		{B3D72DA7-81AD-431B-A6A4-D16707370595}.Debug|Any CPU.Build.0 = Debug|Any CPU
		{B3D72DA7-81AD-431B-A6A4-D16707370595}.Release|Any CPU.ActiveCfg = Release|Any CPU
		{B3D72DA7-81AD-431B-A6A4-D16707370595}.Release|Any CPU.Build.0 = Release|Any CPU
		{37262698-A82F-45BD-9382-66A9C8A46518}.Debug|Any CPU.ActiveCfg = Debug|Any CPU
		{37262698-A82F-45BD-9382-66A9C8A46518}.Debug|Any CPU.Build.0 = Debug|Any CPU
		{37262698-A82F-45BD-9382-66A9C8A46518}.Release|Any CPU.ActiveCfg = Release|Any CPU
		{37262698-A82F-45BD-9382-66A9C8A46518}.Release|Any CPU.Build.0 = Release|Any CPU
		{EA1F4E6D-65FC-45B3-8FF0-AA929D166B61}.Debug|Any CPU.ActiveCfg = Debug|Any CPU
		{EA1F4E6D-65FC-45B3-8FF0-AA929D166B61}.Debug|Any CPU.Build.0 = Debug|Any CPU
		{EA1F4E6D-65FC-45B3-8FF0-AA929D166B61}.Release|Any CPU.ActiveCfg = Release|Any CPU
		{EA1F4E6D-65FC-45B3-8FF0-AA929D166B61}.Release|Any CPU.Build.0 = Release|Any CPU
		{5342C271-659F-4053-A3DC-3EE4A0B387E3}.Debug|Any CPU.ActiveCfg = Debug|Any CPU
		{5342C271-659F-4053-A3DC-3EE4A0B387E3}.Debug|Any CPU.Build.0 = Debug|Any CPU
		{5342C271-659F-4053-A3DC-3EE4A0B387E3}.Release|Any CPU.ActiveCfg = Release|Any CPU
		{5342C271-659F-4053-A3DC-3EE4A0B387E3}.Release|Any CPU.Build.0 = Release|Any CPU
		{EAF88D83-5D9E-4B02-9239-4B8C523B207B}.Debug|Any CPU.ActiveCfg = Debug|Any CPU
		{EAF88D83-5D9E-4B02-9239-4B8C523B207B}.Debug|Any CPU.Build.0 = Debug|Any CPU
		{EAF88D83-5D9E-4B02-9239-4B8C523B207B}.Release|Any CPU.ActiveCfg = Release|Any CPU
		{EAF88D83-5D9E-4B02-9239-4B8C523B207B}.Release|Any CPU.Build.0 = Release|Any CPU
		{F055976E-64D8-4B0C-BE0F-A6101AB0E106}.Debug|Any CPU.ActiveCfg = Debug|Any CPU
		{F055976E-64D8-4B0C-BE0F-A6101AB0E106}.Debug|Any CPU.Build.0 = Debug|Any CPU
		{F055976E-64D8-4B0C-BE0F-A6101AB0E106}.Release|Any CPU.ActiveCfg = Release|Any CPU
		{F055976E-64D8-4B0C-BE0F-A6101AB0E106}.Release|Any CPU.Build.0 = Release|Any CPU
		{864E75C6-3BBB-4E39-B8E5-8F1FA4F12CB1}.Debug|Any CPU.ActiveCfg = Debug|Any CPU
		{864E75C6-3BBB-4E39-B8E5-8F1FA4F12CB1}.Debug|Any CPU.Build.0 = Debug|Any CPU
		{864E75C6-3BBB-4E39-B8E5-8F1FA4F12CB1}.Release|Any CPU.ActiveCfg = Release|Any CPU
		{864E75C6-3BBB-4E39-B8E5-8F1FA4F12CB1}.Release|Any CPU.Build.0 = Release|Any CPU
	EndGlobalSection
	GlobalSection(SolutionProperties) = preSolution
		HideSolutionNode = FALSE
	EndGlobalSection
	GlobalSection(NestedProjects) = preSolution
		{37262698-A82F-45BD-9382-66A9C8A46518} = {6167721F-B37C-4D3C-94D7-03BCF4E49AE9}
		{EA1F4E6D-65FC-45B3-8FF0-AA929D166B61} = {6167721F-B37C-4D3C-94D7-03BCF4E49AE9}
		{5342C271-659F-4053-A3DC-3EE4A0B387E3} = {29042D05-FB5C-4927-92C5-67955325CD46}
		{EAF88D83-5D9E-4B02-9239-4B8C523B207B} = {FA2A323E-2CFE-4231-820D-4E23D32D3B90}
		{FA2A323E-2CFE-4231-820D-4E23D32D3B90} = {29042D05-FB5C-4927-92C5-67955325CD46}
		{F055976E-64D8-4B0C-BE0F-A6101AB0E106} = {29042D05-FB5C-4927-92C5-67955325CD46}
	EndGlobalSection
	GlobalSection(ExtensibilityGlobals) = postSolution
		SolutionGuid = {6117E99C-7612-4217-9A47-2CF874FD6516}
	EndGlobalSection
EndGlobal
